// !$*UTF8*$!
{
	archiveVersion = 1;
	classes = {
	};
	objectVersion = 56;
	objects = {

/* Begin PBXBuildFile section */
		A00000000000000000000002 /* AppDependencies.swift in Sources */ = {isa = PBXBuildFile; fileRef = A00000000000000000000012 /* AppDependencies.swift */; };
		A00000000000000000000003 /* LazyBarApp.swift in Sources */ = {isa = PBXBuildFile; fileRef = A00000000000000000000013 /* LazyBarApp.swift */; };
		A00000000000000000000004 /* DisplayQuote.swift in Sources */ = {isa = PBXBuildFile; fileRef = A00000000000000000000021 /* DisplayQuote.swift */; };
		A00000000000000000000006 /* StockQuote.swift in Sources */ = {isa = PBXBuildFile; fileRef = A00000000000000000000023 /* StockQuote.swift */; };
		A00000000000000000000007 /* MockQuoteProvider.swift in Sources */ = {isa = PBXBuildFile; fileRef = A00000000000000000000031 /* MockQuoteProvider.swift */; };
		A00000000000000000000008 /* QuoteProviding.swift in Sources */ = {isa = PBXBuildFile; fileRef = A00000000000000000000032 /* QuoteProviding.swift */; };
		A00000000000000000000009 /* MenuBarViewModel.swift in Sources */ = {isa = PBXBuildFile; fileRef = A00000000000000000000041 /* MenuBarViewModel.swift */; };
		A0000000000000000000000A /* StockDetailViewModel.swift in Sources */ = {isa = PBXBuildFile; fileRef = A00000000000000000000042 /* StockDetailViewModel.swift */; };
		A0000000000000000000000C /* MenuBarLabelView.swift in Sources */ = {isa = PBXBuildFile; fileRef = A00000000000000000000052 /* MenuBarLabelView.swift */; };
		A0000000000000000000000D /* PriceSummaryCard.swift in Sources */ = {isa = PBXBuildFile; fileRef = A00000000000000000000061 /* PriceSummaryCard.swift */; };
		A0000000000000000000000E /* QuoteRowView.swift in Sources */ = {isa = PBXBuildFile; fileRef = A00000000000000000000062 /* QuoteRowView.swift */; };
		A0000000000000000000000F /* StockHeaderView.swift in Sources */ = {isa = PBXBuildFile; fileRef = A00000000000000000000063 /* StockHeaderView.swift */; };
		A00000000000000000000014 /* SectionCardView.swift in Sources */ = {isa = PBXBuildFile; fileRef = A00000000000000000000072 /* SectionCardView.swift */; };
		A00000000000000000000015 /* PreviewMocks.swift in Sources */ = {isa = PBXBuildFile; fileRef = A00000000000000000000081 /* PreviewMocks.swift */; };
		A00000000000000000000016 /* Assets.xcassets in Resources */ = {isa = PBXBuildFile; fileRef = A00000000000000000000091 /* Assets.xcassets */; };
		A00000000000000000000019 /* MenuBarSettingsStore.swift in Sources */ = {isa = PBXBuildFile; fileRef = A00000000000000000000024 /* MenuBarSettingsStore.swift */; };
		A0000000000000000000001A /* MenuBarDisplaySettings.swift in Sources */ = {isa = PBXBuildFile; fileRef = A00000000000000000000025 /* MenuBarDisplaySettings.swift */; };
		A0000000000000000000001B /* MenuBarSettingsViewModel.swift in Sources */ = {isa = PBXBuildFile; fileRef = A00000000000000000000043 /* MenuBarSettingsViewModel.swift */; };
		A0000000000000000000001C /* SettingsView.swift in Sources */ = {isa = PBXBuildFile; fileRef = A00000000000000000000053 /* SettingsView.swift */; };
		A0000000000000000000001D /* StatusBarController.swift in Sources */ = {isa = PBXBuildFile; fileRef = A00000000000000000000026 /* StatusBarController.swift */; };
		A0000000000000000000001E /* SettingsWindowController.swift in Sources */ = {isa = PBXBuildFile; fileRef = A00000000000000000000027 /* SettingsWindowController.swift */; };
/* End PBXBuildFile section */

/* Begin PBXFileReference section */
		655EF4A22F78C00800474F97 /* AGENTS.md */ = {isa = PBXFileReference; lastKnownFileType = sourcecode.swift; path = AGENTS.md; sourceTree = "<group>"; };
		A00000000000000000000012 /* AppDependencies.swift */ = {isa = PBXFileReference; lastKnownFileType = sourcecode.swift; path = AppDependencies.swift; sourceTree = "<group>"; };
		A00000000000000000000013 /* LazyBarApp.swift */ = {isa = PBXFileReference; lastKnownFileType = sourcecode.swift; path = LazyBarApp.swift; sourceTree = "<group>"; };
		A00000000000000000000017 /* lazy_bar.app */ = {isa = PBXFileReference; explicitFileType = wrapper.application; includeInIndex = 0; path = lazy_bar.app; sourceTree = BUILT_PRODUCTS_DIR; };
		A00000000000000000000018 /* Info.plist */ = {isa = PBXFileReference; lastKnownFileType = text.plist.xml; name = Info.plist; path = Resources/Info.plist; sourceTree = SOURCE_ROOT; };
		A00000000000000000000021 /* DisplayQuote.swift */ = {isa = PBXFileReference; lastKnownFileType = sourcecode.swift; path = DisplayQuote.swift; sourceTree = "<group>"; };
		A00000000000000000000023 /* StockQuote.swift */ = {isa = PBXFileReference; lastKnownFileType = sourcecode.swift; path = StockQuote.swift; sourceTree = "<group>"; };
		A00000000000000000000024 /* MenuBarSettingsStore.swift */ = {isa = PBXFileReference; lastKnownFileType = sourcecode.swift; path = MenuBarSettingsStore.swift; sourceTree = "<group>"; };
		A00000000000000000000025 /* MenuBarDisplaySettings.swift */ = {isa = PBXFileReference; lastKnownFileType = sourcecode.swift; path = MenuBarDisplaySettings.swift; sourceTree = "<group>"; };
		A00000000000000000000026 /* StatusBarController.swift */ = {isa = PBXFileReference; lastKnownFileType = sourcecode.swift; path = StatusBarController.swift; sourceTree = "<group>"; };
		A00000000000000000000027 /* SettingsWindowController.swift */ = {isa = PBXFileReference; lastKnownFileType = sourcecode.swift; path = SettingsWindowController.swift; sourceTree = "<group>"; };
		A00000000000000000000031 /* MockQuoteProvider.swift */ = {isa = PBXFileReference; lastKnownFileType = sourcecode.swift; path = MockQuoteProvider.swift; sourceTree = "<group>"; };
		A00000000000000000000032 /* QuoteProviding.swift */ = {isa = PBXFileReference; lastKnownFileType = sourcecode.swift; path = QuoteProviding.swift; sourceTree = "<group>"; };
		A00000000000000000000041 /* MenuBarViewModel.swift */ = {isa = PBXFileReference; lastKnownFileType = sourcecode.swift; path = MenuBarViewModel.swift; sourceTree = "<group>"; };
		A00000000000000000000042 /* StockDetailViewModel.swift */ = {isa = PBXFileReference; lastKnownFileType = sourcecode.swift; path = StockDetailViewModel.swift; sourceTree = "<group>"; };
		A00000000000000000000043 /* MenuBarSettingsViewModel.swift */ = {isa = PBXFileReference; lastKnownFileType = sourcecode.swift; path = MenuBarSettingsViewModel.swift; sourceTree = "<group>"; };
		A00000000000000000000052 /* MenuBarLabelView.swift */ = {isa = PBXFileReference; lastKnownFileType = sourcecode.swift; path = MenuBarLabelView.swift; sourceTree = "<group>"; };
		A00000000000000000000053 /* SettingsView.swift */ = {isa = PBXFileReference; lastKnownFileType = sourcecode.swift; path = SettingsView.swift; sourceTree = "<group>"; };
		A00000000000000000000061 /* PriceSummaryCard.swift */ = {isa = PBXFileReference; lastKnownFileType = sourcecode.swift; path = PriceSummaryCard.swift; sourceTree = "<group>"; };
		A00000000000000000000062 /* QuoteRowView.swift */ = {isa = PBXFileReference; lastKnownFileType = sourcecode.swift; path = QuoteRowView.swift; sourceTree = "<group>"; };
		A00000000000000000000063 /* StockHeaderView.swift */ = {isa = PBXFileReference; lastKnownFileType = sourcecode.swift; path = StockHeaderView.swift; sourceTree = "<group>"; };
		A00000000000000000000072 /* SectionCardView.swift */ = {isa = PBXFileReference; lastKnownFileType = sourcecode.swift; path = SectionCardView.swift; sourceTree = "<group>"; };
		A00000000000000000000081 /* PreviewMocks.swift */ = {isa = PBXFileReference; lastKnownFileType = sourcecode.swift; path = PreviewMocks.swift; sourceTree = "<group>"; };
		A00000000000000000000091 /* Assets.xcassets */ = {isa = PBXFileReference; lastKnownFileType = folder.assetcatalog; name = Assets.xcassets; path = Resources/Assets.xcassets; sourceTree = SOURCE_ROOT; };
/* End PBXFileReference section */

/* Begin PBXFrameworksBuildPhase section */
		A00000000000000000000101 /* Frameworks */ = {
			isa = PBXFrameworksBuildPhase;
			buildActionMask = 2147483647;
			files = (
			);
			runOnlyForDeploymentPostprocessing = 0;
		};
/* End PBXFrameworksBuildPhase section */

/* Begin PBXGroup section */
		A00000000000000000000111 = {
			isa = PBXGroup;
			children = (
				A00000000000000000000112 /* Sources */,
				A00000000000000000000113 /* Resources */,
				A00000000000000000000114 /* Products */,
				655EF4A22F78C00800474F97 /* AGENTS.md */,
			);
			sourceTree = "<group>";
		};
		A00000000000000000000112 /* Sources */ = {
			isa = PBXGroup;
			children = (
				A00000000000000000000121 /* App */,
				A00000000000000000000122 /* Models */,
				A00000000000000000000123 /* Providers */,
				A00000000000000000000124 /* ViewModels */,
				A00000000000000000000125 /* Views */,
				A00000000000000000000126 /* PreviewSupport */,
			);
			path = Sources;
			sourceTree = SOURCE_ROOT;
		};
		A00000000000000000000113 /* Resources */ = {
			isa = PBXGroup;
			children = (
				A00000000000000000000091 /* Assets.xcassets */,
				A00000000000000000000018 /* Info.plist */,
			);
			path = Resources;
			sourceTree = SOURCE_ROOT;
		};
		A00000000000000000000114 /* Products */ = {
			isa = PBXGroup;
			children = (
				A00000000000000000000017 /* lazy_bar.app */,
			);
			name = Products;
			sourceTree = "<group>";
		};
		A00000000000000000000121 /* App */ = {
			isa = PBXGroup;
			children = (
				A00000000000000000000012 /* AppDependencies.swift */,
				A00000000000000000000013 /* LazyBarApp.swift */,
				A00000000000000000000024 /* MenuBarSettingsStore.swift */,
				A00000000000000000000026 /* StatusBarController.swift */,
				A00000000000000000000027 /* SettingsWindowController.swift */,
			);
			path = App;
			sourceTree = "<group>";
		};
		A00000000000000000000122 /* Models */ = {
			isa = PBXGroup;
			children = (
				A00000000000000000000021 /* DisplayQuote.swift */,
				A00000000000000000000025 /* MenuBarDisplaySettings.swift */,
				A00000000000000000000023 /* StockQuote.swift */,
			);
			path = Models;
			sourceTree = "<group>";
		};
		A00000000000000000000123 /* Providers */ = {
			isa = PBXGroup;
			children = (
				A00000000000000000000031 /* MockQuoteProvider.swift */,
				A00000000000000000000032 /* QuoteProviding.swift */,
			);
			path = Providers;
			sourceTree = "<group>";
		};
		A00000000000000000000124 /* ViewModels */ = {
			isa = PBXGroup;
			children = (
				A00000000000000000000043 /* MenuBarSettingsViewModel.swift */,
				A00000000000000000000041 /* MenuBarViewModel.swift */,
				A00000000000000000000042 /* StockDetailViewModel.swift */,
			);
			path = ViewModels;
			sourceTree = "<group>";
		};
		A00000000000000000000125 /* Views */ = {
			isa = PBXGroup;
			children = (
				A00000000000000000000131 /* MenuBar */,
				A00000000000000000000132 /* Detail */,
				A00000000000000000000133 /* Shared */,
			);
			path = Views;
			sourceTree = "<group>";
		};
		A00000000000000000000126 /* PreviewSupport */ = {
			isa = PBXGroup;
			children = (
				A00000000000000000000081 /* PreviewMocks.swift */,
			);
			path = PreviewSupport;
			sourceTree = "<group>";
		};
		A00000000000000000000131 /* MenuBar */ = {
			isa = PBXGroup;
			children = (
				A00000000000000000000052 /* MenuBarLabelView.swift */,
				A00000000000000000000053 /* SettingsView.swift */,
			);
			path = MenuBar;
			sourceTree = "<group>";
		};
		A00000000000000000000132 /* Detail */ = {
			isa = PBXGroup;
			children = (
				A00000000000000000000061 /* PriceSummaryCard.swift */,
				A00000000000000000000062 /* QuoteRowView.swift */,
				A00000000000000000000063 /* StockHeaderView.swift */,
			);
			path = Detail;
			sourceTree = "<group>";
		};
		A00000000000000000000133 /* Shared */ = {
			isa = PBXGroup;
			children = (
				A00000000000000000000072 /* SectionCardView.swift */,
			);
			path = Shared;
			sourceTree = "<group>";
		};
/* End PBXGroup section */

/* Begin PBXNativeTarget section */
		A00000000000000000000141 /* lazy_bar */ = {
			isa = PBXNativeTarget;
			buildConfigurationList = A00000000000000000000151 /* Build configuration list for PBXNativeTarget "lazy_bar" */;
			buildPhases = (
				A00000000000000000000161 /* Sources */,
				A00000000000000000000101 /* Frameworks */,
				A00000000000000000000162 /* Resources */,
			);
			buildRules = (
			);
			dependencies = (
			);
			name = lazy_bar;
			productName = lazy_bar;
			productReference = A00000000000000000000017 /* lazy_bar.app */;
			productType = "com.apple.product-type.application";
		};
/* End PBXNativeTarget section */

/* Begin PBXProject section */
		A00000000000000000000171 /* Project object */ = {
			isa = PBXProject;
			attributes = {
				BuildIndependentTargetsInParallel = 1;
				LastSwiftUpdateCheck = 1620;
				LastUpgradeCheck = 2640;
				TargetAttributes = {
					A00000000000000000000141 = {
						CreatedOnToolsVersion = 16.2;
					};
				};
			};
			buildConfigurationList = A00000000000000000000172 /* Build configuration list for PBXProject "lazy_bar" */;
			compatibilityVersion = "Xcode 14.0";
			developmentRegion = en;
			hasScannedForEncodings = 0;
			knownRegions = (
				en,
				Base,
			);
			mainGroup = A00000000000000000000111;
			productRefGroup = A00000000000000000000114 /* Products */;
			projectDirPath = "";
			projectRoot = "";
			targets = (
				A00000000000000000000141 /* lazy_bar */,
			);
		};
/* End PBXProject section */

/* Begin PBXResourcesBuildPhase section */
		A00000000000000000000162 /* Resources */ = {
			isa = PBXResourcesBuildPhase;
			buildActionMask = 2147483647;
			files = (
				A00000000000000000000016 /* Assets.xcassets in Resources */,
			);
			runOnlyForDeploymentPostprocessing = 0;
		};
/* End PBXResourcesBuildPhase section */

/* Begin PBXSourcesBuildPhase section */
		A00000000000000000000161 /* Sources */ = {
			isa = PBXSourcesBuildPhase;
			buildActionMask = 2147483647;
			files = (
				A00000000000000000000002 /* AppDependencies.swift in Sources */,
				A00000000000000000000003 /* LazyBarApp.swift in Sources */,
				A00000000000000000000004 /* DisplayQuote.swift in Sources */,
				A00000000000000000000006 /* StockQuote.swift in Sources */,
				A00000000000000000000007 /* MockQuoteProvider.swift in Sources */,
				A00000000000000000000008 /* QuoteProviding.swift in Sources */,
				A00000000000000000000009 /* MenuBarViewModel.swift in Sources */,
				A0000000000000000000000A /* StockDetailViewModel.swift in Sources */,
				A0000000000000000000000C /* MenuBarLabelView.swift in Sources */,
				A0000000000000000000000D /* PriceSummaryCard.swift in Sources */,
				A0000000000000000000000E /* QuoteRowView.swift in Sources */,
				A0000000000000000000000F /* StockHeaderView.swift in Sources */,
				A00000000000000000000014 /* SectionCardView.swift in Sources */,
				A00000000000000000000015 /* PreviewMocks.swift in Sources */,
				A00000000000000000000019 /* MenuBarSettingsStore.swift in Sources */,
				A0000000000000000000001A /* MenuBarDisplaySettings.swift in Sources */,
				A0000000000000000000001B /* MenuBarSettingsViewModel.swift in Sources */,
				A0000000000000000000001C /* SettingsView.swift in Sources */,
				A0000000000000000000001D /* StatusBarController.swift in Sources */,
				A0000000000000000000001E /* SettingsWindowController.swift in Sources */,
			);
			runOnlyForDeploymentPostprocessing = 0;
		};
/* End PBXSourcesBuildPhase section */

/* Begin XCBuildConfiguration section */
		A00000000000000000000181 /* Debug */ = {
			isa = XCBuildConfiguration;
			buildSettings = {
				ALWAYS_SEARCH_USER_PATHS = NO;
				CLANG_ENABLE_MODULES = YES;
				CLANG_WARN_BLOCK_CAPTURE_AUTORELEASING = YES;
				CLANG_WARN_BOOL_CONVERSION = YES;
				CLANG_WARN_COMMA = YES;
				CLANG_WARN_CONSTANT_CONVERSION = YES;
				CLANG_WARN_DEPRECATED_OBJC_IMPLEMENTATIONS = YES;
				CLANG_WARN_EMPTY_BODY = YES;
				CLANG_WARN_ENUM_CONVERSION = YES;
				CLANG_WARN_INFINITE_RECURSION = YES;
				CLANG_WARN_INT_CONVERSION = YES;
				CLANG_WARN_NON_LITERAL_NULL_CONVERSION = YES;
				CLANG_WARN_OBJC_IMPLICIT_RETAIN_SELF = YES;
				CLANG_WARN_OBJC_LITERAL_CONVERSION = YES;
				CLANG_WARN_QUOTED_INCLUDE_IN_FRAMEWORK_HEADER = YES;
				CLANG_WARN_RANGE_LOOP_ANALYSIS = YES;
				CLANG_WARN_STRICT_PROTOTYPES = YES;
				CLANG_WARN_SUSPICIOUS_MOVE = YES;
				CLANG_WARN_UNREACHABLE_CODE = YES;
				CLANG_WARN__DUPLICATE_METHOD_MATCH = YES;
				CODE_SIGN_STYLE = Automatic;
				COPY_PHASE_STRIP = NO;
				DEAD_CODE_STRIPPING = YES;
				DEBUG_INFORMATION_FORMAT = dwarf;
				ENABLE_STRICT_OBJC_MSGSEND = YES;
				ENABLE_TESTABILITY = YES;
				ENABLE_USER_SCRIPT_SANDBOXING = YES;
				GCC_C_LANGUAGE_STANDARD = gnu17;
				GCC_DYNAMIC_NO_PIC = NO;
				GCC_NO_COMMON_BLOCKS = YES;
				GCC_OPTIMIZATION_LEVEL = 0;
				GCC_PREPROCESSOR_DEFINITIONS = (
					"DEBUG=1",
					"$(inherited)",
				);
				GCC_WARN_64_TO_32_BIT_CONVERSION = YES;
				GCC_WARN_ABOUT_RETURN_TYPE = YES;
				GCC_WARN_UNDECLARED_SELECTOR = YES;
				GCC_WARN_UNINITIALIZED_AUTOS = YES;
				GCC_WARN_UNUSED_FUNCTION = YES;
				GCC_WARN_UNUSED_VARIABLE = YES;
				MACOSX_DEPLOYMENT_TARGET = 15.0;
				ONLY_ACTIVE_ARCH = YES;
				SDKROOT = macosx;
				STRING_CATALOG_GENERATE_SYMBOLS = YES;
				SWIFT_ACTIVE_COMPILATION_CONDITIONS = "DEBUG $(inherited)";
				SWIFT_OPTIMIZATION_LEVEL = "-Onone";
			};
			name = Debug;
		};
		A00000000000000000000182 /* Release */ = {
			isa = XCBuildConfiguration;
			buildSettings = {
				ALWAYS_SEARCH_USER_PATHS = NO;
				CLANG_ENABLE_MODULES = YES;
				CLANG_WARN_BLOCK_CAPTURE_AUTORELEASING = YES;
				CLANG_WARN_BOOL_CONVERSION = YES;
				CLANG_WARN_COMMA = YES;
				CLANG_WARN_CONSTANT_CONVERSION = YES;
				CLANG_WARN_DEPRECATED_OBJC_IMPLEMENTATIONS = YES;
				CLANG_WARN_EMPTY_BODY = YES;
				CLANG_WARN_ENUM_CONVERSION = YES;
				CLANG_WARN_INFINITE_RECURSION = YES;
				CLANG_WARN_INT_CONVERSION = YES;
				CLANG_WARN_NON_LITERAL_NULL_CONVERSION = YES;
				CLANG_WARN_OBJC_IMPLICIT_RETAIN_SELF = YES;
				CLANG_WARN_OBJC_LITERAL_CONVERSION = YES;
				CLANG_WARN_QUOTED_INCLUDE_IN_FRAMEWORK_HEADER = YES;
				CLANG_WARN_RANGE_LOOP_ANALYSIS = YES;
				CLANG_WARN_STRICT_PROTOTYPES = YES;
				CLANG_WARN_SUSPICIOUS_MOVE = YES;
				CLANG_WARN_UNREACHABLE_CODE = YES;
				CLANG_WARN__DUPLICATE_METHOD_MATCH = YES;
				CODE_SIGN_STYLE = Automatic;
				COPY_PHASE_STRIP = NO;
				DEAD_CODE_STRIPPING = YES;
				DEBUG_INFORMATION_FORMAT = "dwarf-with-dsym";
				ENABLE_NS_ASSERTIONS = NO;
				ENABLE_STRICT_OBJC_MSGSEND = YES;
				ENABLE_USER_SCRIPT_SANDBOXING = YES;
				GCC_C_LANGUAGE_STANDARD = gnu17;
				GCC_NO_COMMON_BLOCKS = YES;
				GCC_WARN_64_TO_32_BIT_CONVERSION = YES;
				GCC_WARN_ABOUT_RETURN_TYPE = YES;
				GCC_WARN_UNDECLARED_SELECTOR = YES;
				GCC_WARN_UNINITIALIZED_AUTOS = YES;
				GCC_WARN_UNUSED_FUNCTION = YES;
				GCC_WARN_UNUSED_VARIABLE = YES;
				MACOSX_DEPLOYMENT_TARGET = 15.0;
				SDKROOT = macosx;
				STRING_CATALOG_GENERATE_SYMBOLS = YES;
				SWIFT_COMPILATION_MODE = wholemodule;
				SWIFT_OPTIMIZATION_LEVEL = "-O";
			};
			name = Release;
		};
		A00000000000000000000183 /* Debug */ = {
			isa = XCBuildConfiguration;
			buildSettings = {
				ASSETCATALOG_COMPILER_GENERATE_SWIFT_ASSET_SYMBOL_EXTENSIONS = YES;
				CLANG_ENABLE_OBJC_WEAK = YES;
				CODE_SIGN_STYLE = Automatic;
				CURRENT_PROJECT_VERSION = 1;
				DEAD_CODE_STRIPPING = YES;
				DEVELOPMENT_TEAM = "";
				ENABLE_APP_SANDBOX = NO;
				GENERATE_INFOPLIST_FILE = NO;
				INFOPLIST_FILE = Resources/Info.plist;
				LD_RUNPATH_SEARCH_PATHS = (
					"$(inherited)",
					"@executable_path/../Frameworks",
				);
				MACOSX_DEPLOYMENT_TARGET = 15.0;
				MARKETING_VERSION = 1.0;
				PRODUCT_BUNDLE_IDENTIFIER = "com.jinfeng.lazy-bar";
				PRODUCT_NAME = "$(TARGET_NAME)";
				SDKROOT = macosx;
				SWIFT_EMIT_LOC_STRINGS = YES;
				SWIFT_VERSION = 5.0;
			};
			name = Debug;
		};
		A00000000000000000000184 /* Release */ = {
			isa = XCBuildConfiguration;
			buildSettings = {
				ASSETCATALOG_COMPILER_GENERATE_SWIFT_ASSET_SYMBOL_EXTENSIONS = YES;
				CLANG_ENABLE_OBJC_WEAK = YES;
				CODE_SIGN_STYLE = Automatic;
				CURRENT_PROJECT_VERSION = 1;
				DEAD_CODE_STRIPPING = YES;
				DEVELOPMENT_TEAM = "";
				ENABLE_APP_SANDBOX = NO;
				GENERATE_INFOPLIST_FILE = NO;
				INFOPLIST_FILE = Resources/Info.plist;
				LD_RUNPATH_SEARCH_PATHS = (
					"$(inherited)",
					"@executable_path/../Frameworks",
				);
				MACOSX_DEPLOYMENT_TARGET = 15.0;
				MARKETING_VERSION = 1.0;
				PRODUCT_BUNDLE_IDENTIFIER = "com.jinfeng.lazy-bar";
				PRODUCT_NAME = "$(TARGET_NAME)";
				SDKROOT = macosx;
				SWIFT_EMIT_LOC_STRINGS = YES;
				SWIFT_VERSION = 5.0;
			};
			name = Release;
		};
/* End XCBuildConfiguration section */

/* Begin XCConfigurationList section */
		A00000000000000000000151 /* Build configuration list for PBXNativeTarget "lazy_bar" */ = {
			isa = XCConfigurationList;
			buildConfigurations = (
				A00000000000000000000183 /* Debug */,
				A00000000000000000000184 /* Release */,
			);
			defaultConfigurationIsVisible = 0;
			defaultConfigurationName = Release;
		};
		A00000000000000000000172 /* Build configuration list for PBXProject "lazy_bar" */ = {
			isa = XCConfigurationList;
			buildConfigurations = (
				A00000000000000000000181 /* Debug */,
				A00000000000000000000182 /* Release */,
			);
			defaultConfigurationIsVisible = 0;
			defaultConfigurationName = Release;
		};
/* End XCConfigurationList section */
	};
	rootObject = A00000000000000000000171 /* Project object */;
}
